// !$*UTF8*$!
{
	archiveVersion = 1;
	classes = {
	};
	objectVersion = 50;
	objects = {

/* Begin PBXBuildFile section */
		7F12DF2A26137AAE0017F53B /* DBHelper.swift in Sources */ = {isa = PBXBuildFile; fileRef = 7F12DF2926137AAE0017F53B /* DBHelper.swift */; };
		7FC96AB0261302E100019091 /* AppDelegate.swift in Sources */ = {isa = PBXBuildFile; fileRef = 7FC96AAF261302E100019091 /* AppDelegate.swift */; };
		7FC96AB2261302E100019091 /* SceneDelegate.swift in Sources */ = {isa = PBXBuildFile; fileRef = 7FC96AB1261302E100019091 /* SceneDelegate.swift */; };
		7FC96AB4261302E100019091 /* ViewController.swift in Sources */ = {isa = PBXBuildFile; fileRef = 7FC96AB3261302E100019091 /* ViewController.swift */; };
		7FC96AB7261302E100019091 /* Main.storyboard in Resources */ = {isa = PBXBuildFile; fileRef = 7FC96AB5261302E100019091 /* Main.storyboard */; };
		7FC96AB9261302E500019091 /* Assets.xcassets in Resources */ = {isa = PBXBuildFile; fileRef = 7FC96AB8261302E500019091 /* Assets.xcassets */; };
		7FC96ABC261302E500019091 /* LaunchScreen.storyboard in Resources */ = {isa = PBXBuildFile; fileRef = 7FC96ABA261302E500019091 /* LaunchScreen.storyboard */; };
		7FC96AC6261303EF00019091 /* User.swift in Sources */ = {isa = PBXBuildFile; fileRef = 7FC96AC5261303EF00019091 /* User.swift */; };
/* End PBXBuildFile section */

/* Begin PBXFileReference section */
		7F12DF2926137AAE0017F53B /* DBHelper.swift */ = {isa = PBXFileReference; lastKnownFileType = sourcecode.swift; path = DBHelper.swift; sourceTree = "<group>"; };
		7FC96AAC261302E100019091 /* LoginRegisterWithSQLite.app */ = {isa = PBXFileReference; explicitFileType = wrapper.application; includeInIndex = 0; path = LoginRegisterWithSQLite.app; sourceTree = BUILT_PRODUCTS_DIR; };
		7FC96AAF261302E100019091 /* AppDelegate.swift */ = {isa = PBXFileReference; lastKnownFileType = sourcecode.swift; path = AppDelegate.swift; sourceTree = "<group>"; };
		7FC96AB1261302E100019091 /* SceneDelegate.swift */ = {isa = PBXFileReference; lastKnownFileType = sourcecode.swift; path = SceneDelegate.swift; sourceTree = "<group>"; };
		7FC96AB3261302E100019091 /* ViewController.swift */ = {isa = PBXFileReference; lastKnownFileType = sourcecode.swift; path = ViewController.swift; sourceTree = "<group>"; };
		7FC96AB6261302E100019091 /* Base */ = {isa = PBXFileReference; lastKnownFileType = file.storyboard; name = Base; path = Base.lproj/Main.storyboard; sourceTree = "<group>"; };
		7FC96AB8261302E500019091 /* Assets.xcassets */ = {isa = PBXFileReference; lastKnownFileType = folder.assetcatalog; path = Assets.xcassets; sourceTree = "<group>"; };
		7FC96ABB261302E500019091 /* Base */ = {isa = PBXFileReference; lastKnownFileType = file.storyboard; name = Base; path = Base.lproj/LaunchScreen.storyboard; sourceTree = "<group>"; };
		7FC96ABD261302E500019091 /* Info.plist */ = {isa = PBXFileReference; lastKnownFileType = text.plist.xml; path = Info.plist; sourceTree = "<group>"; };
		7FC96AC5261303EF00019091 /* User.swift */ = {isa = PBXFileReference; lastKnownFileType = sourcecode.swift; path = User.swift; sourceTree = "<group>"; };
/* End PBXFileReference section */

/* Begin PBXFrameworksBuildPhase section */
		7FC96AA9261302E100019091 /* Frameworks */ = {
			isa = PBXFrameworksBuildPhase;
			buildActionMask = 2147483647;
			files = (
			);
			runOnlyForDeploymentPostprocessing = 0;
		};
/* End PBXFrameworksBuildPhase section */

/* Begin PBXGroup section */
		7FC96AA3261302E100019091 = {
			isa = PBXGroup;
			children = (
				7FC96AAE261302E100019091 /* LoginRegisterWithSQLite */,
				7FC96AAD261302E100019091 /* Products */,
			);
			sourceTree = "<group>";
		};
		7FC96AAD261302E100019091 /* Products */ = {
			isa = PBXGroup;
			children = (
				7FC96AAC261302E100019091 /* LoginRegisterWithSQLite.app */,
			);
			name = Products;
			sourceTree = "<group>";
		};
		7FC96AAE261302E100019091 /* LoginRegisterWithSQLite */ = {
			isa = PBXGroup;
			children = (
				7FC96AC5261303EF00019091 /* User.swift */,
				7F12DF2926137AAE0017F53B /* DBHelper.swift */,
				7FC96AAF261302E100019091 /* AppDelegate.swift */,
				7FC96AB1261302E100019091 /* SceneDelegate.swift */,
				7FC96AB3261302E100019091 /* ViewController.swift */,
				7FC96AB5261302E100019091 /* Main.storyboard */,
				7FC96AB8261302E500019091 /* Assets.xcassets */,
				7FC96ABA261302E500019091 /* LaunchScreen.storyboard */,
				7FC96ABD261302E500019091 /* Info.plist */,
			);
			path = LoginRegisterWithSQLite;
			sourceTree = "<group>";
		};
/* End PBXGroup section */

/* Begin PBXNativeTarget section */
		7FC96AAB261302E100019091 /* LoginRegisterWithSQLite */ = {
			isa = PBXNativeTarget;
			buildConfigurationList = 7FC96AC0261302E500019091 /* Build configuration list for PBXNativeTarget "LoginRegisterWithSQLite" */;
			buildPhases = (
				7FC96AA8261302E100019091 /* Sources */,
				7FC96AA9261302E100019091 /* Frameworks */,
				7FC96AAA261302E100019091 /* Resources */,
			);
			buildRules = (
			);
			dependencies = (
			);
			name = LoginRegisterWithSQLite;
			productName = LoginRegisterWithSQLite;
			productReference = 7FC96AAC261302E100019091 /* LoginRegisterWithSQLite.app */;
			productType = "com.apple.product-type.application";
		};
/* End PBXNativeTarget section */

/* Begin PBXProject section */
		7FC96AA4261302E100019091 /* Project object */ = {
			isa = PBXProject;
			attributes = {
				LastSwiftUpdateCheck = 1100;
				LastUpgradeCheck = 1100;
				ORGANIZATIONNAME = "SaiKiran Panuganti";
				TargetAttributes = {
					7FC96AAB261302E100019091 = {
						CreatedOnToolsVersion = 11.0;
					};
				};
			};
			buildConfigurationList = 7FC96AA7261302E100019091 /* Build configuration list for PBXProject "LoginRegisterWithSQLite" */;
			compatibilityVersion = "Xcode 9.3";
			developmentRegion = en;
			hasScannedForEncodings = 0;
			knownRegions = (
				en,
				Base,
			);
			mainGroup = 7FC96AA3261302E100019091;
			productRefGroup = 7FC96AAD261302E100019091 /* Products */;
			projectDirPath = "";
			projectRoot = "";
			targets = (
				7FC96AAB261302E100019091 /* LoginRegisterWithSQLite */,
			);
		};
/* End PBXProject section */

/* Begin PBXResourcesBuildPhase section */
		7FC96AAA261302E100019091 /* Resources */ = {
			isa = PBXResourcesBuildPhase;
			buildActionMask = 2147483647;
			files = (
				7FC96ABC261302E500019091 /* LaunchScreen.storyboard in Resources */,
				7FC96AB9261302E500019091 /* Assets.xcassets in Resources */,
				7FC96AB7261302E100019091 /* Main.storyboard in Resources */,
			);
			runOnlyForDeploymentPostprocessing = 0;
		};
/* End PBXResourcesBuildPhase section */

/* Begin PBXSourcesBuildPhase section */
		7FC96AA8261302E100019091 /* Sources */ = {
			isa = PBXSourcesBuildPhase;
			buildActionMask = 2147483647;
			files = (
				7FC96AB4261302E100019091 /* ViewController.swift in Sources */,
				7FC96AB0261302E100019091 /* AppDelegate.swift in Sources */,
				7F12DF2A26137AAE0017F53B /* DBHelper.swift in Sources */,
				7FC96AB2261302E100019091 /* SceneDelegate.swift in Sources */,
				7FC96AC6261303EF00019091 /* User.swift in Sources */,
			);
			runOnlyForDeploymentPostprocessing = 0;
		};
/* End PBXSourcesBuildPhase section */

/* Begin PBXVariantGroup section */
		7FC96AB5261302E100019091 /* Main.storyboard */ = {
			isa = PBXVariantGroup;
			children = (
				7FC96AB6261302E100019091 /* Base */,
			);
			name = Main.storyboard;
			sourceTree = "<group>";
		};
		7FC96ABA261302E500019091 /* LaunchScreen.storyboard */ = {
			isa = PBXVariantGroup;
			children = (
				7FC96ABB261302E500019091 /* Base */,
			);
			name = LaunchScreen.storyboard;
			sourceTree = "<group>";
		};
/* End PBXVariantGroup section */

/* Begin XCBuildConfiguration section */
		7FC96ABE261302E500019091 /* Debug */ = {
			isa = XCBuildConfiguration;
			buildSettings = {
				ALWAYS_SEARCH_USER_PATHS = NO;
				CLANG_ANALYZER_NONNULL = YES;
				CLANG_ANALYZER_NUMBER_OBJECT_CONVERSION = YES_AGGRESSIVE;
				CLANG_CXX_LANGUAGE_STANDARD = "gnu++14";
				CLANG_CXX_LIBRARY = "libc++";
				CLANG_ENABLE_MODULES = YES;
				CLANG_ENABLE_OBJC_ARC = YES;
				CLANG_ENABLE_OBJC_WEAK = YES;
				CLANG_WARN_BLOCK_CAPTURE_AUTORELEASING = YES;
				CLANG_WARN_BOOL_CONVERSION = YES;
				CLANG_WARN_COMMA = YES;
				CLANG_WARN_CONSTANT_CONVERSION = YES;
				CLANG_WARN_DEPRECATED_OBJC_IMPLEMENTATIONS = YES;
				CLANG_WARN_DIRECT_OBJC_ISA_USAGE = YES_ERROR;
				CLANG_WARN_DOCUMENTATION_COMMENTS = YES;
				CLANG_WARN_EMPTY_BODY = YES;
				CLANG_WARN_ENUM_CONVERSION = YES;
				CLANG_WARN_INFINITE_RECURSION = YES;
				CLANG_WARN_INT_CONVERSION = YES;
				CLANG_WARN_NON_LITERAL_NULL_CONVERSION = YES;
				CLANG_WARN_OBJC_IMPLICIT_RETAIN_SELF = YES;
				CLANG_WARN_OBJC_LITERAL_CONVERSION = YES;
				CLANG_WARN_OBJC_ROOT_CLASS = YES_ERROR;
				CLANG_WARN_RANGE_LOOP_ANALYSIS = YES;
				CLANG_WARN_STRICT_PROTOTYPES = YES;
				CLANG_WARN_SUSPICIOUS_MOVE = YES;
				CLANG_WARN_UNGUARDED_AVAILABILITY = YES_AGGRESSIVE;
				CLANG_WARN_UNREACHABLE_CODE = YES;
				CLANG_WARN__DUPLICATE_METHOD_MATCH = YES;
				COPY_PHASE_STRIP = NO;
				DEBUG_INFORMATION_FORMAT = dwarf;
				ENABLE_STRICT_OBJC_MSGSEND = YES;
				ENABLE_TESTABILITY = YES;
				GCC_C_LANGUAGE_STANDARD = gnu11;
				GCC_DYNAMIC_NO_PIC = NO;
				GCC_NO_COMMON_BLOCKS = YES;
				GCC_OPTIMIZATION_LEVEL = 0;
				GCC_PREPROCESSOR_DEFINITIONS = (
					"DEBUG=1",
					"$(inherited)",
				);
				GCC_WARN_64_TO_32_BIT_CONVERSION = YES;
				GCC_WARN_ABOUT_RETURN_TYPE = YES_ERROR;
				GCC_WARN_UNDECLARED_SELECTOR = YES;
				GCC_WARN_UNINITIALIZED_AUTOS = YES_AGGRESSIVE;
				GCC_WARN_UNUSED_FUNCTION = YES;
				GCC_WARN_UNUSED_VARIABLE = YES;
				IPHONEOS_DEPLOYMENT_TARGET = 13.0;
				MTL_ENABLE_DEBUG_INFO = INCLUDE_SOURCE;
				MTL_FAST_MATH = YES;
				ONLY_ACTIVE_ARCH = YES;
				SDKROOT = iphoneos;
				SWIFT_ACTIVE_COMPILATION_CONDITIONS = DEBUG;
				SWIFT_OPTIMIZATION_LEVEL = "-Onone";
			};
			name = Debug;
		};
		7FC96ABF261302E500019091 /* Release */ = {
			isa = XCBuildConfiguration;
			buildSettings = {
				ALWAYS_SEARCH_USER_PATHS = NO;
				CLANG_ANALYZER_NONNULL = YES;
				CLANG_ANALYZER_NUMBER_OBJECT_CONVERSION = YES_AGGRESSIVE;
				CLANG_CXX_LANGUAGE_STANDARD = "gnu++14";
				CLANG_CXX_LIBRARY = "libc++";
				CLANG_ENABLE_MODULES = YES;
				CLANG_ENABLE_OBJC_ARC = YES;
				CLANG_ENABLE_OBJC_WEAK = YES;
				CLANG_WARN_BLOCK_CAPTURE_AUTORELEASING = YES;
				CLANG_WARN_BOOL_CONVERSION = YES;
				CLANG_WARN_COMMA = YES;
				CLANG_WARN_CONSTANT_CONVERSION = YES;
				CLANG_WARN_DEPRECATED_OBJC_IMPLEMENTATIONS = YES;
				CLANG_WARN_DIRECT_OBJC_ISA_USAGE = YES_ERROR;
				CLANG_WARN_DOCUMENTATION_COMMENTS = YES;
				CLANG_WARN_EMPTY_BODY = YES;
				CLANG_WARN_ENUM_CONVERSION = YES;
				CLANG_WARN_INFINITE_RECURSION = YES;
				CLANG_WARN_INT_CONVERSION = YES;
				CLANG_WARN_NON_LITERAL_NULL_CONVERSION = YES;
				CLANG_WARN_OBJC_IMPLICIT_RETAIN_SELF = YES;
				CLANG_WARN_OBJC_LITERAL_CONVERSION = YES;
				CLANG_WARN_OBJC_ROOT_CLASS = YES_ERROR;
				CLANG_WARN_RANGE_LOOP_ANALYSIS = YES;
				CLANG_WARN_STRICT_PROTOTYPES = YES;
				CLANG_WARN_SUSPICIOUS_MOVE = YES;
				CLANG_WARN_UNGUARDED_AVAILABILITY = YES_AGGRESSIVE;
				CLANG_WARN_UNREACHABLE_CODE = YES;
				CLANG_WARN__DUPLICATE_METHOD_MATCH = YES;
				COPY_PHASE_STRIP = NO;
				DEBUG_INFORMATION_FORMAT = "dwarf-with-dsym";
				ENABLE_NS_ASSERTIONS = NO;
				ENABLE_STRICT_OBJC_MSGSEND = YES;
				GCC_C_LANGUAGE_STANDARD = gnu11;
				GCC_NO_COMMON_BLOCKS = YES;
				GCC_WARN_64_TO_32_BIT_CONVERSION = YES;
				GCC_WARN_ABOUT_RETURN_TYPE = YES_ERROR;
				GCC_WARN_UNDECLARED_SELECTOR = YES;
				GCC_WARN_UNINITIALIZED_AUTOS = YES_AGGRESSIVE;
				GCC_WARN_UNUSED_FUNCTION = YES;
				GCC_WARN_UNUSED_VARIABLE = YES;
				IPHONEOS_DEPLOYMENT_TARGET = 13.0;
				MTL_ENABLE_DEBUG_INFO = NO;
				MTL_FAST_MATH = YES;
				SDKROOT = iphoneos;
				SWIFT_COMPILATION_MODE = wholemodule;
				SWIFT_OPTIMIZATION_LEVEL = "-O";
				VALIDATE_PRODUCT = YES;
			};
			name = Release;
		};
		7FC96AC1261302E500019091 /* Debug */ = {
			isa = XCBuildConfiguration;
			buildSettings = {
				ASSETCATALOG_COMPILER_APPICON_NAME = AppIcon;
				CODE_SIGN_STYLE = Automatic;
				INFOPLIST_FILE = LoginRegisterWithSQLite/Info.plist;
				LD_RUNPATH_SEARCH_PATHS = (
					"$(inherited)",
					"@executable_path/Frameworks",
				);
				PRODUCT_BUNDLE_IDENTIFIER = com.saikiran.LoginRegisterWithSQLite;
				PRODUCT_NAME = "$(TARGET_NAME)";
				SWIFT_VERSION = 5.0;
				TARGETED_DEVICE_FAMILY = "1,2";
			};
			name = Debug;
		};
		7FC96AC2261302E500019091 /* Release */ = {
			isa = XCBuildConfiguration;
			buildSettings = {
				ASSETCATALOG_COMPILER_APPICON_NAME = AppIcon;
				CODE_SIGN_STYLE = Automatic;
				INFOPLIST_FILE = LoginRegisterWithSQLite/Info.plist;
				LD_RUNPATH_SEARCH_PATHS = (
					"$(inherited)",
					"@executable_path/Frameworks",
				);
				PRODUCT_BUNDLE_IDENTIFIER = com.saikiran.LoginRegisterWithSQLite;
				PRODUCT_NAME = "$(TARGET_NAME)";
				SWIFT_VERSION = 5.0;
				TARGETED_DEVICE_FAMILY = "1,2";
			};
			name = Release;
		};
/* End XCBuildConfiguration section */

/* Begin XCConfigurationList section */
		7FC96AA7261302E100019091 /* Build configuration list for PBXProject "LoginRegisterWithSQLite" */ = {
			isa = XCConfigurationList;
			buildConfigurations = (
				7FC96ABE261302E500019091 /* Debug */,
				7FC96ABF261302E500019091 /* Release */,
			);
			defaultConfigurationIsVisible = 0;
			defaultConfigurationName = Release;
		};
		7FC96AC0261302E500019091 /* Build configuration list for PBXNativeTarget "LoginRegisterWithSQLite" */ = {
			isa = XCConfigurationList;
			buildConfigurations = (
				7FC96AC1261302E500019091 /* Debug */,
				7FC96AC2261302E500019091 /* Release */,
			);
			defaultConfigurationIsVisible = 0;
			defaultConfigurationName = Release;
		};
/* End XCConfigurationList section */
	};
	rootObject = 7FC96AA4261302E100019091 /* Project object */;
}
